
Microsoft Visual Studio Solution File, Format Version 12.00
# Visual Studio Version 17
VisualStudioVersion = 17.12.35527.113
MinimumVisualStudioVersion = 10.0.40219.1
Project("{FAE04EC0-301F-11D3-BF4B-00C04F79EFBC}") = "Project.DbManagement", "Project.DbManagement\Project.DbManagement.csproj", "{0A86D5B8-A337-46B0-B29C-92EE43EE039E}"
EndProject
Project("{FAE04EC0-301F-11D3-BF4B-00C04F79EFBC}") = "Project.Business", "Project.Business\Project.Business.csproj", "{A682D5AA-32CE-482F-9DA7-E431309C6302}"
EndProject
Project("{FAE04EC0-301F-11D3-BF4B-00C04F79EFBC}") = "Project.Common", "Project.Common\Project.Common.csproj", "{97691007-8633-45F3-B5BD-DB1002889F2D}"
EndProject
Project("{FAE04EC0-301F-11D3-BF4B-00C04F79EFBC}") = "Project.MVC", "Project.MVC\Project.MVC.csproj", "{190A2A7A-70E7-4AE5-99BF-CF32C6152668}"
EndProject
Project("{FAE04EC0-301F-11D3-BF4B-00C04F79EFBC}") = "Project.MvcModule", "Project.MvcModule\Project.MvcModule.csproj", "{2BF9E45B-84D7-49E3-8717-6DF71470DD53}"
EndProject
Project("{2150E333-8FDC-42A3-9474-1A3956D46DE8}") = "9.Host", "9.Host", "{40D3DC26-BAE5-48B0-BA27-4273667D6FF4}"
EndProject
Project("{2150E333-8FDC-42A3-9474-1A3956D46DE8}") = "1.Project.Busines", "1.Project.Busines", "{540222D1-65C1-4564-99DD-A5D4643A1F5B}"
EndProject
Project("{FAE04EC0-301F-11D3-BF4B-00C04F79EFBC}") = "Project.Api", "Project.Api\Project.Api.csproj", "{99E12970-0C5E-47F9-A901-DF44BC8D277C}"
EndProject
Project("{FAE04EC0-301F-11D3-BF4B-00C04F79EFBC}") = "Project.AdminSell", "Project.AdminSell\Project.AdminSell.csproj", "{C309819F-55F7-4A67-9CFC-716B212F06E6}"
EndProject
Project("{FAE04EC0-301F-11D3-BF4B-00C04F79EFBC}") = "CrawlData", "CrawlData\CrawlData.csproj", "{0ECACBEB-CA8E-4179-8584-E604803D6242}"
EndProject
Project("{2150E333-8FDC-42A3-9474-1A3956D46DE8}") = "2.MvcModule", "2.MvcModule", "{02EA681E-C7D8-13C7-8484-4AC65E1B71E8}"
EndProject
Project("{2150E333-8FDC-42A3-9474-1A3956D46DE8}") = "9.Tool", "9.Tool", "{879BC109-59AC-4F53-88F0-105823E6820B}"
EndProject
Project("{FAE04EC0-301F-11D3-BF4B-00C04F79EFBC}") = "ConsoleApp1", "ConsoleApp1\ConsoleApp1.csproj", "{CF744D97-EC73-4AEB-A47C-8B0EADA43D05}"
EndProject
Project("{FAE04EC0-301F-11D3-BF4B-00C04F79EFBC}") = "Project.SearchBusiness", "Project.SearchBusiness\Project.SearchBusiness.csproj", "{0B15AF02-2F81-479F-A526-648CDCA3D13B}"
EndProject
Project("{FAE04EC0-301F-11D3-BF4B-00C04F79EFBC}") = "crawlProvine", "crawlProvine\crawlProvine.csproj", "{9C3B5D26-7C56-4A9E-8A90-2075803E7EBF}"
EndProject
Project("{FAE04EC0-301F-11D3-BF4B-00C04F79EFBC}") = "Project.CommonApi", "Project.CommonApi\Project.CommonApi.csproj", "{BCBDF1DF-5364-46EA-910D-DCFCA6D7761E}"
EndProject
Project("{FAE04EC0-301F-11D3-BF4B-00C04F79EFBC}") = "TestMail", "TestMail\TestMail.csproj", "{6D193B00-28D8-426F-AED8-6A7905861D7A}"
EndProject
Global
	GlobalSection(SolutionConfigurationPlatforms) = preSolution
		Debug|Any CPU = Debug|Any CPU
		Release|Any CPU = Release|Any CPU
	EndGlobalSection
	GlobalSection(ProjectConfigurationPlatforms) = postSolution
		{0A86D5B8-A337-46B0-B29C-92EE43EE039E}.Debug|Any CPU.ActiveCfg = Debug|Any CPU
		{0A86D5B8-A337-46B0-B29C-92EE43EE039E}.Debug|Any CPU.Build.0 = Debug|Any CPU
		{0A86D5B8-A337-46B0-B29C-92EE43EE039E}.Release|Any CPU.ActiveCfg = Release|Any CPU
		{0A86D5B8-A337-46B0-B29C-92EE43EE039E}.Release|Any CPU.Build.0 = Release|Any CPU
		{A682D5AA-32CE-482F-9DA7-E431309C6302}.Debug|Any CPU.ActiveCfg = Debug|Any CPU
		{A682D5AA-32CE-482F-9DA7-E431309C6302}.Debug|Any CPU.Build.0 = Debug|Any CPU
		{A682D5AA-32CE-482F-9DA7-E431309C6302}.Release|Any CPU.ActiveCfg = Release|Any CPU
		{A682D5AA-32CE-482F-9DA7-E431309C6302}.Release|Any CPU.Build.0 = Release|Any CPU
		{97691007-8633-45F3-B5BD-DB1002889F2D}.Debug|Any CPU.ActiveCfg = Debug|Any CPU
		{97691007-8633-45F3-B5BD-DB1002889F2D}.Debug|Any CPU.Build.0 = Debug|Any CPU
		{97691007-8633-45F3-B5BD-DB1002889F2D}.Release|Any CPU.ActiveCfg = Release|Any CPU
		{97691007-8633-45F3-B5BD-DB1002889F2D}.Release|Any CPU.Build.0 = Release|Any CPU
		{190A2A7A-70E7-4AE5-99BF-CF32C6152668}.Debug|Any CPU.ActiveCfg = Debug|Any CPU
		{190A2A7A-70E7-4AE5-99BF-CF32C6152668}.Debug|Any CPU.Build.0 = Debug|Any CPU
		{190A2A7A-70E7-4AE5-99BF-CF32C6152668}.Release|Any CPU.ActiveCfg = Release|Any CPU
		{190A2A7A-70E7-4AE5-99BF-CF32C6152668}.Release|Any CPU.Build.0 = Release|Any CPU
		{2BF9E45B-84D7-49E3-8717-6DF71470DD53}.Debug|Any CPU.ActiveCfg = Debug|Any CPU
		{2BF9E45B-84D7-49E3-8717-6DF71470DD53}.Debug|Any CPU.Build.0 = Debug|Any CPU
		{2BF9E45B-84D7-49E3-8717-6DF71470DD53}.Release|Any CPU.ActiveCfg = Release|Any CPU
		{2BF9E45B-84D7-49E3-8717-6DF71470DD53}.Release|Any CPU.Build.0 = Release|Any CPU
		{99E12970-0C5E-47F9-A901-DF44BC8D277C}.Debug|Any CPU.ActiveCfg = Debug|Any CPU
		{99E12970-0C5E-47F9-A901-DF44BC8D277C}.Debug|Any CPU.Build.0 = Debug|Any CPU
		{99E12970-0C5E-47F9-A901-DF44BC8D277C}.Release|Any CPU.ActiveCfg = Release|Any CPU
		{99E12970-0C5E-47F9-A901-DF44BC8D277C}.Release|Any CPU.Build.0 = Release|Any CPU
		{C309819F-55F7-4A67-9CFC-716B212F06E6}.Debug|Any CPU.ActiveCfg = Debug|Any CPU
		{C309819F-55F7-4A67-9CFC-716B212F06E6}.Debug|Any CPU.Build.0 = Debug|Any CPU
		{C309819F-55F7-4A67-9CFC-716B212F06E6}.Release|Any CPU.ActiveCfg = Release|Any CPU
		{C309819F-55F7-4A67-9CFC-716B212F06E6}.Release|Any CPU.Build.0 = Release|Any CPU
		{0ECACBEB-CA8E-4179-8584-E604803D6242}.Debug|Any CPU.ActiveCfg = Debug|Any CPU
		{0ECACBEB-CA8E-4179-8584-E604803D6242}.Debug|Any CPU.Build.0 = Debug|Any CPU
		{0ECACBEB-CA8E-4179-8584-E604803D6242}.Release|Any CPU.ActiveCfg = Release|Any CPU
		{0ECACBEB-CA8E-4179-8584-E604803D6242}.Release|Any CPU.Build.0 = Release|Any CPU
		{CF744D97-EC73-4AEB-A47C-8B0EADA43D05}.Debug|Any CPU.ActiveCfg = Debug|Any CPU
		{CF744D97-EC73-4AEB-A47C-8B0EADA43D05}.Debug|Any CPU.Build.0 = Debug|Any CPU
		{CF744D97-EC73-4AEB-A47C-8B0EADA43D05}.Release|Any CPU.ActiveCfg = Release|Any CPU
		{CF744D97-EC73-4AEB-A47C-8B0EADA43D05}.Release|Any CPU.Build.0 = Release|Any CPU
		{0B15AF02-2F81-479F-A526-648CDCA3D13B}.Debug|Any CPU.ActiveCfg = Debug|Any CPU
		{0B15AF02-2F81-479F-A526-648CDCA3D13B}.Debug|Any CPU.Build.0 = Debug|Any CPU
		{0B15AF02-2F81-479F-A526-648CDCA3D13B}.Release|Any CPU.ActiveCfg = Release|Any CPU
		{0B15AF02-2F81-479F-A526-648CDCA3D13B}.Release|Any CPU.Build.0 = Release|Any CPU
		{9C3B5D26-7C56-4A9E-8A90-2075803E7EBF}.Debug|Any CPU.ActiveCfg = Debug|Any CPU
		{9C3B5D26-7C56-4A9E-8A90-2075803E7EBF}.Debug|Any CPU.Build.0 = Debug|Any CPU
		{9C3B5D26-7C56-4A9E-8A90-2075803E7EBF}.Release|Any CPU.ActiveCfg = Release|Any CPU
		{9C3B5D26-7C56-4A9E-8A90-2075803E7EBF}.Release|Any CPU.Build.0 = Release|Any CPU
		{BCBDF1DF-5364-46EA-910D-DCFCA6D7761E}.Debug|Any CPU.ActiveCfg = Debug|Any CPU
		{BCBDF1DF-5364-46EA-910D-DCFCA6D7761E}.Debug|Any CPU.Build.0 = Debug|Any CPU
		{BCBDF1DF-5364-46EA-910D-DCFCA6D7761E}.Release|Any CPU.ActiveCfg = Release|Any CPU
		{BCBDF1DF-5364-46EA-910D-DCFCA6D7761E}.Release|Any CPU.Build.0 = Release|Any CPU
		{6D193B00-28D8-426F-AED8-6A7905861D7A}.Debug|Any CPU.ActiveCfg = Debug|Any CPU
		{6D193B00-28D8-426F-AED8-6A7905861D7A}.Debug|Any CPU.Build.0 = Debug|Any CPU
		{6D193B00-28D8-426F-AED8-6A7905861D7A}.Release|Any CPU.ActiveCfg = Release|Any CPU
		{6D193B00-28D8-426F-AED8-6A7905861D7A}.Release|Any CPU.Build.0 = Release|Any CPU
	EndGlobalSection
	GlobalSection(SolutionProperties) = preSolution
		HideSolutionNode = FALSE
	EndGlobalSection
	GlobalSection(NestedProjects) = preSolution
		{0A86D5B8-A337-46B0-B29C-92EE43EE039E} = {540222D1-65C1-4564-99DD-A5D4643A1F5B}
		{A682D5AA-32CE-482F-9DA7-E431309C6302} = {540222D1-65C1-4564-99DD-A5D4643A1F5B}
		{97691007-8633-45F3-B5BD-DB1002889F2D} = {540222D1-65C1-4564-99DD-A5D4643A1F5B}
		{190A2A7A-70E7-4AE5-99BF-CF32C6152668} = {40D3DC26-BAE5-48B0-BA27-4273667D6FF4}
		{2BF9E45B-84D7-49E3-8717-6DF71470DD53} = {02EA681E-C7D8-13C7-8484-4AC65E1B71E8}
		{99E12970-0C5E-47F9-A901-DF44BC8D277C} = {40D3DC26-BAE5-48B0-BA27-4273667D6FF4}
		{C309819F-55F7-4A67-9CFC-716B212F06E6} = {40D3DC26-BAE5-48B0-BA27-4273667D6FF4}
		{0ECACBEB-CA8E-4179-8584-E604803D6242} = {879BC109-59AC-4F53-88F0-105823E6820B}
		{CF744D97-EC73-4AEB-A47C-8B0EADA43D05} = {879BC109-59AC-4F53-88F0-105823E6820B}
		{0B15AF02-2F81-479F-A526-648CDCA3D13B} = {540222D1-65C1-4564-99DD-A5D4643A1F5B}
		{9C3B5D26-7C56-4A9E-8A90-2075803E7EBF} = {879BC109-59AC-4F53-88F0-105823E6820B}
		{BCBDF1DF-5364-46EA-910D-DCFCA6D7761E} = {40D3DC26-BAE5-48B0-BA27-4273667D6FF4}
		{6D193B00-28D8-426F-AED8-6A7905861D7A} = {879BC109-59AC-4F53-88F0-105823E6820B}
	EndGlobalSection
	GlobalSection(ExtensibilityGlobals) = postSolution
		SolutionGuid = {69FD2268-F16D-491B-B821-422F7FDE8F05}
	EndGlobalSection
EndGlobal
